
Microsoft Visual Studio Solution File, Format Version 12.00
# Visual Studio Version 16
VisualStudioVersion = 16.0.31205.134
MinimumVisualStudioVersion = 10.0.40219.1
Project("{FAE04EC0-301F-11D3-BF4B-00C04F79EFBC}") = "Admin.NETApp.Application", "Admin.NETApp.Application\Admin.NETApp.Application.csproj", "{B364AC14-7E5D-4A34-97F7-3A5200FF8487}"
EndProject
Project("{FAE04EC0-301F-11D3-BF4B-00C04F79EFBC}") = "Admin.NETApp.Core", "Admin.NETApp.Core\Admin.NETApp.Core.csproj", "{84ED94C9-9C49-45D2-B6C9-C88F4670DCD2}"
EndProject
Project("{FAE04EC0-301F-11D3-BF4B-00C04F79EFBC}") = "Admin.NETApp.Database.Migrations", "Admin.NETApp.Database.Migrations\Admin.NETApp.Database.Migrations.csproj", "{848D352C-B529-435F-9D6F-0980B11F4E4E}"
EndProject
Project("{FAE04EC0-301F-11D3-BF4B-00C04F79EFBC}") = "Admin.NETApp.EntityFramework.Core", "Admin.NETApp.EntityFramework.Core\Admin.NETApp.EntityFramework.Core.csproj", "{7F3FFF70-764C-4C4A-BF7A-3AD57C1395D5}"
EndProject
Project("{FAE04EC0-301F-11D3-BF4B-00C04F79EFBC}") = "Admin.NETApp.Web.Core", "Admin.NETApp.Web.Core\Admin.NETApp.Web.Core.csproj", "{03C33F32-47F7-4878-8F03-D1E132EC6866}"
EndProject
Project("{FAE04EC0-301F-11D3-BF4B-00C04F79EFBC}") = "Admin.NETApp.Web.Entry", "Admin.NETApp.Web.Entry\Admin.NETApp.Web.Entry.csproj", "{D51B2AF6-BA72-4170-878C-82B83E89B163}"
EndProject
Global
	GlobalSection(SolutionConfigurationPlatforms) = preSolution
		Debug|Any CPU = Debug|Any CPU
		Release|Any CPU = Release|Any CPU
	EndGlobalSection
	GlobalSection(ProjectConfigurationPlatforms) = postSolution
		{B364AC14-7E5D-4A34-97F7-3A5200FF8487}.Debug|Any CPU.ActiveCfg = Debug|Any CPU
		{B364AC14-7E5D-4A34-97F7-3A5200FF8487}.Debug|Any CPU.Build.0 = Debug|Any CPU
		{B364AC14-7E5D-4A34-97F7-3A5200FF8487}.Release|Any CPU.ActiveCfg = Release|Any CPU
		{B364AC14-7E5D-4A34-97F7-3A5200FF8487}.Release|Any CPU.Build.0 = Release|Any CPU
		{84ED94C9-9C49-45D2-B6C9-C88F4670DCD2}.Debug|Any CPU.ActiveCfg = Debug|Any CPU
		{84ED94C9-9C49-45D2-B6C9-C88F4670DCD2}.Debug|Any CPU.Build.0 = Debug|Any CPU
		{84ED94C9-9C49-45D2-B6C9-C88F4670DCD2}.Release|Any CPU.ActiveCfg = Release|Any CPU
		{84ED94C9-9C49-45D2-B6C9-C88F4670DCD2}.Release|Any CPU.Build.0 = Release|Any CPU
		{848D352C-B529-435F-9D6F-0980B11F4E4E}.Debug|Any CPU.ActiveCfg = Debug|Any CPU
		{848D352C-B529-435F-9D6F-0980B11F4E4E}.Debug|Any CPU.Build.0 = Debug|Any CPU
		{848D352C-B529-435F-9D6F-0980B11F4E4E}.Release|Any CPU.ActiveCfg = Release|Any CPU
		{848D352C-B529-435F-9D6F-0980B11F4E4E}.Release|Any CPU.Build.0 = Release|Any CPU
		{7F3FFF70-764C-4C4A-BF7A-3AD57C1395D5}.Debug|Any CPU.ActiveCfg = Debug|Any CPU
		{7F3FFF70-764C-4C4A-BF7A-3AD57C1395D5}.Debug|Any CPU.Build.0 = Debug|Any CPU
		{7F3FFF70-764C-4C4A-BF7A-3AD57C1395D5}.Release|Any CPU.ActiveCfg = Release|Any CPU
		{7F3FFF70-764C-4C4A-BF7A-3AD57C1395D5}.Release|Any CPU.Build.0 = Release|Any CPU
		{03C33F32-47F7-4878-8F03-D1E132EC6866}.Debug|Any CPU.ActiveCfg = Debug|Any CPU
		{03C33F32-47F7-4878-8F03-D1E132EC6866}.Debug|Any CPU.Build.0 = Debug|Any CPU
		{03C33F32-47F7-4878-8F03-D1E132EC6866}.Release|Any CPU.ActiveCfg = Release|Any CPU
		{03C33F32-47F7-4878-8F03-D1E132EC6866}.Release|Any CPU.Build.0 = Release|Any CPU
		{D51B2AF6-BA72-4170-878C-82B83E89B163}.Debug|Any CPU.ActiveCfg = Debug|Any CPU
		{D51B2AF6-BA72-4170-878C-82B83E89B163}.Debug|Any CPU.Build.0 = Debug|Any CPU
		{D51B2AF6-BA72-4170-878C-82B83E89B163}.Release|Any CPU.ActiveCfg = Release|Any CPU
		{D51B2AF6-BA72-4170-878C-82B83E89B163}.Release|Any CPU.Build.0 = Release|Any CPU
	EndGlobalSection
	GlobalSection(SolutionProperties) = preSolution
		HideSolutionNode = FALSE
	EndGlobalSection
	GlobalSection(ExtensibilityGlobals) = postSolution
		SolutionGuid = {EC563464-38D0-4D26-A189-17B0564BC4D4}
	EndGlobalSection
EndGlobal
